
Microsoft Visual Studio Solution File, Format Version 12.00
# Visual Studio 15
VisualStudioVersion = 15.0.28307.271
MinimumVisualStudioVersion = 10.0.40219.1
Project("{FAE04EC0-301F-11D3-BF4B-00C04F79EFBC}") = "music_player_android.Android", "music_player_android\music_player_android.Android\music_player_android.Android.csproj", "{354D2860-C11E-4BC4-89B4-9DA940B8E060}"
EndProject
Project("{FAE04EC0-301F-11D3-BF4B-00C04F79EFBC}") = "music_player_android.iOS", "music_player_android\music_player_android.iOS\music_player_android.iOS.csproj", "{23E14377-6656-4125-832C-623BA9F0D08B}"
EndProject
Project("{FAE04EC0-301F-11D3-BF4B-00C04F79EFBC}") = "music_player_android.UWP", "music_player_android\music_player_android.UWP\music_player_android.UWP.csproj", "{6BD7D509-F54B-43FE-AD9B-1BA302AB1553}"
EndProject
Project("{FAE04EC0-301F-11D3-BF4B-00C04F79EFBC}") = "music_player_android", "music_player_android\music_player_android\music_player_android.csproj", "{21F52641-F2B1-41D6-A1A6-5B04152CE7EB}"
EndProject
Global
	GlobalSection(SolutionConfigurationPlatforms) = preSolution
		Ad-Hoc|Any CPU = Ad-Hoc|Any CPU
		Ad-Hoc|ARM = Ad-Hoc|ARM
		Ad-Hoc|iPhone = Ad-Hoc|iPhone
		Ad-Hoc|iPhoneSimulator = Ad-Hoc|iPhoneSimulator
		Ad-Hoc|x64 = Ad-Hoc|x64
		Ad-Hoc|x86 = Ad-Hoc|x86
		AppStore|Any CPU = AppStore|Any CPU
		AppStore|ARM = AppStore|ARM
		AppStore|iPhone = AppStore|iPhone
		AppStore|iPhoneSimulator = AppStore|iPhoneSimulator
		AppStore|x64 = AppStore|x64
		AppStore|x86 = AppStore|x86
		Debug|Any CPU = Debug|Any CPU
		Debug|ARM = Debug|ARM
		Debug|iPhone = Debug|iPhone
		Debug|iPhoneSimulator = Debug|iPhoneSimulator
		Debug|x64 = Debug|x64
		Debug|x86 = Debug|x86
		Release|Any CPU = Release|Any CPU
		Release|ARM = Release|ARM
		Release|iPhone = Release|iPhone
		Release|iPhoneSimulator = Release|iPhoneSimulator
		Release|x64 = Release|x64
		Release|x86 = Release|x86
	EndGlobalSection
	GlobalSection(ProjectConfigurationPlatforms) = postSolution
		{354D2860-C11E-4BC4-89B4-9DA940B8E060}.Ad-Hoc|Any CPU.ActiveCfg = Release|Any CPU
		{354D2860-C11E-4BC4-89B4-9DA940B8E060}.Ad-Hoc|Any CPU.Build.0 = Release|Any CPU
		{354D2860-C11E-4BC4-89B4-9DA940B8E060}.Ad-Hoc|Any CPU.Deploy.0 = Release|Any CPU
		{354D2860-C11E-4BC4-89B4-9DA940B8E060}.Ad-Hoc|ARM.ActiveCfg = Release|Any CPU
		{354D2860-C11E-4BC4-89B4-9DA940B8E060}.Ad-Hoc|ARM.Build.0 = Release|Any CPU
		{354D2860-C11E-4BC4-89B4-9DA940B8E060}.Ad-Hoc|ARM.Deploy.0 = Release|Any CPU
		{354D2860-C11E-4BC4-89B4-9DA940B8E060}.Ad-Hoc|iPhone.ActiveCfg = Release|Any CPU
		{354D2860-C11E-4BC4-89B4-9DA940B8E060}.Ad-Hoc|iPhone.Build.0 = Release|Any CPU
		{354D2860-C11E-4BC4-89B4-9DA940B8E060}.Ad-Hoc|iPhone.Deploy.0 = Release|Any CPU
		{354D2860-C11E-4BC4-89B4-9DA940B8E060}.Ad-Hoc|iPhoneSimulator.ActiveCfg = Release|Any CPU
		{354D2860-C11E-4BC4-89B4-9DA940B8E060}.Ad-Hoc|iPhoneSimulator.Build.0 = Release|Any CPU
		{354D2860-C11E-4BC4-89B4-9DA940B8E060}.Ad-Hoc|iPhoneSimulator.Deploy.0 = Release|Any CPU
		{354D2860-C11E-4BC4-89B4-9DA940B8E060}.Ad-Hoc|x64.ActiveCfg = Release|Any CPU
		{354D2860-C11E-4BC4-89B4-9DA940B8E060}.Ad-Hoc|x64.Build.0 = Release|Any CPU
		{354D2860-C11E-4BC4-89B4-9DA940B8E060}.Ad-Hoc|x64.Deploy.0 = Release|Any CPU
		{354D2860-C11E-4BC4-89B4-9DA940B8E060}.Ad-Hoc|x86.ActiveCfg = Release|Any CPU
		{354D2860-C11E-4BC4-89B4-9DA940B8E060}.Ad-Hoc|x86.Build.0 = Release|Any CPU
		{354D2860-C11E-4BC4-89B4-9DA940B8E060}.Ad-Hoc|x86.Deploy.0 = Release|Any CPU
		{354D2860-C11E-4BC4-89B4-9DA940B8E060}.AppStore|Any CPU.ActiveCfg = Release|Any CPU
		{354D2860-C11E-4BC4-89B4-9DA940B8E060}.AppStore|Any CPU.Build.0 = Release|Any CPU
		{354D2860-C11E-4BC4-89B4-9DA940B8E060}.AppStore|Any CPU.Deploy.0 = Release|Any CPU
		{354D2860-C11E-4BC4-89B4-9DA940B8E060}.AppStore|ARM.ActiveCfg = Release|Any CPU
		{354D2860-C11E-4BC4-89B4-9DA940B8E060}.AppStore|ARM.Build.0 = Release|Any CPU
		{354D2860-C11E-4BC4-89B4-9DA940B8E060}.AppStore|ARM.Deploy.0 = Release|Any CPU
		{354D2860-C11E-4BC4-89B4-9DA940B8E060}.AppStore|iPhone.ActiveCfg = Release|Any CPU
		{354D2860-C11E-4BC4-89B4-9DA940B8E060}.AppStore|iPhone.Build.0 = Release|Any CPU
		{354D2860-C11E-4BC4-89B4-9DA940B8E060}.AppStore|iPhone.Deploy.0 = Release|Any CPU
		{354D2860-C11E-4BC4-89B4-9DA940B8E060}.AppStore|iPhoneSimulator.ActiveCfg = Release|Any CPU
		{354D2860-C11E-4BC4-89B4-9DA940B8E060}.AppStore|iPhoneSimulator.Build.0 = Release|Any CPU
		{354D2860-C11E-4BC4-89B4-9DA940B8E060}.AppStore|iPhoneSimulator.Deploy.0 = Release|Any CPU
		{354D2860-C11E-4BC4-89B4-9DA940B8E060}.AppStore|x64.ActiveCfg = Release|Any CPU
		{354D2860-C11E-4BC4-89B4-9DA940B8E060}.AppStore|x64.Build.0 = Release|Any CPU
		{354D2860-C11E-4BC4-89B4-9DA940B8E060}.AppStore|x64.Deploy.0 = Release|Any CPU
		{354D2860-C11E-4BC4-89B4-9DA940B8E060}.AppStore|x86.ActiveCfg = Release|Any CPU
		{354D2860-C11E-4BC4-89B4-9DA940B8E060}.AppStore|x86.Build.0 = Release|Any CPU
		{354D2860-C11E-4BC4-89B4-9DA940B8E060}.AppStore|x86.Deploy.0 = Release|Any CPU
		{354D2860-C11E-4BC4-89B4-9DA940B8E060}.Debug|Any CPU.ActiveCfg = Debug|Any CPU
		{354D2860-C11E-4BC4-89B4-9DA940B8E060}.Debug|Any CPU.Build.0 = Debug|Any CPU
		{354D2860-C11E-4BC4-89B4-9DA940B8E060}.Debug|Any CPU.Deploy.0 = Debug|Any CPU
		{354D2860-C11E-4BC4-89B4-9DA940B8E060}.Debug|ARM.ActiveCfg = Debug|Any CPU
		{354D2860-C11E-4BC4-89B4-9DA940B8E060}.Debug|ARM.Build.0 = Debug|Any CPU
		{354D2860-C11E-4BC4-89B4-9DA940B8E060}.Debug|ARM.Deploy.0 = Debug|Any CPU
		{354D2860-C11E-4BC4-89B4-9DA940B8E060}.Debug|iPhone.ActiveCfg = Debug|Any CPU
		{354D2860-C11E-4BC4-89B4-9DA940B8E060}.Debug|iPhone.Build.0 = Debug|Any CPU
		{354D2860-C11E-4BC4-89B4-9DA940B8E060}.Debug|iPhone.Deploy.0 = Debug|Any CPU
		{354D2860-C11E-4BC4-89B4-9DA940B8E060}.Debug|iPhoneSimulator.ActiveCfg = Debug|Any CPU
		{354D2860-C11E-4BC4-89B4-9DA940B8E060}.Debug|iPhoneSimulator.Build.0 = Debug|Any CPU
		{354D2860-C11E-4BC4-89B4-9DA940B8E060}.Debug|iPhoneSimulator.Deploy.0 = Debug|Any CPU
		{354D2860-C11E-4BC4-89B4-9DA940B8E060}.Debug|x64.ActiveCfg = Debug|Any CPU
		{354D2860-C11E-4BC4-89B4-9DA940B8E060}.Debug|x64.Build.0 = Debug|Any CPU
		{354D2860-C11E-4BC4-89B4-9DA940B8E060}.Debug|x64.Deploy.0 = Debug|Any CPU
		{354D2860-C11E-4BC4-89B4-9DA940B8E060}.Debug|x86.ActiveCfg = Debug|Any CPU
		{354D2860-C11E-4BC4-89B4-9DA940B8E060}.Debug|x86.Build.0 = Debug|Any CPU
		{354D2860-C11E-4BC4-89B4-9DA940B8E060}.Debug|x86.Deploy.0 = Debug|Any CPU
		{354D2860-C11E-4BC4-89B4-9DA940B8E060}.Release|Any CPU.ActiveCfg = Release|Any CPU
		{354D2860-C11E-4BC4-89B4-9DA940B8E060}.Release|Any CPU.Build.0 = Release|Any CPU
		{354D2860-C11E-4BC4-89B4-9DA940B8E060}.Release|Any CPU.Deploy.0 = Release|Any CPU
		{354D2860-C11E-4BC4-89B4-9DA940B8E060}.Release|ARM.ActiveCfg = Release|Any CPU
		{354D2860-C11E-4BC4-89B4-9DA940B8E060}.Release|ARM.Build.0 = Release|Any CPU
		{354D2860-C11E-4BC4-89B4-9DA940B8E060}.Release|ARM.Deploy.0 = Release|Any CPU
		{354D2860-C11E-4BC4-89B4-9DA940B8E060}.Release|iPhone.ActiveCfg = Release|Any CPU
		{354D2860-C11E-4BC4-89B4-9DA940B8E060}.Release|iPhone.Build.0 = Release|Any CPU
		{354D2860-C11E-4BC4-89B4-9DA940B8E060}.Release|iPhone.Deploy.0 = Release|Any CPU
		{354D2860-C11E-4BC4-89B4-9DA940B8E060}.Release|iPhoneSimulator.ActiveCfg = Release|Any CPU
		{354D2860-C11E-4BC4-89B4-9DA940B8E060}.Release|iPhoneSimulator.Build.0 = Release|Any CPU
		{354D2860-C11E-4BC4-89B4-9DA940B8E060}.Release|iPhoneSimulator.Deploy.0 = Release|Any CPU
		{354D2860-C11E-4BC4-89B4-9DA940B8E060}.Release|x64.ActiveCfg = Release|Any CPU
		{354D2860-C11E-4BC4-89B4-9DA940B8E060}.Release|x64.Build.0 = Release|Any CPU
		{354D2860-C11E-4BC4-89B4-9DA940B8E060}.Release|x64.Deploy.0 = Release|Any CPU
		{354D2860-C11E-4BC4-89B4-9DA940B8E060}.Release|x86.ActiveCfg = Release|Any CPU
		{354D2860-C11E-4BC4-89B4-9DA940B8E060}.Release|x86.Build.0 = Release|Any CPU
		{354D2860-C11E-4BC4-89B4-9DA940B8E060}.Release|x86.Deploy.0 = Release|Any CPU
		{23E14377-6656-4125-832C-623BA9F0D08B}.Ad-Hoc|Any CPU.ActiveCfg = Ad-Hoc|iPhone
		{23E14377-6656-4125-832C-623BA9F0D08B}.Ad-Hoc|Any CPU.Build.0 = Ad-Hoc|iPhone
		{23E14377-6656-4125-832C-623BA9F0D08B}.Ad-Hoc|Any CPU.Deploy.0 = Ad-Hoc|iPhone
		{23E14377-6656-4125-832C-623BA9F0D08B}.Ad-Hoc|ARM.ActiveCfg = Ad-Hoc|iPhone
		{23E14377-6656-4125-832C-623BA9F0D08B}.Ad-Hoc|ARM.Build.0 = Ad-Hoc|iPhone
		{23E14377-6656-4125-832C-623BA9F0D08B}.Ad-Hoc|ARM.Deploy.0 = Ad-Hoc|iPhone
		{23E14377-6656-4125-832C-623BA9F0D08B}.Ad-Hoc|iPhone.ActiveCfg = Ad-Hoc|iPhone
		{23E14377-6656-4125-832C-623BA9F0D08B}.Ad-Hoc|iPhone.Build.0 = Ad-Hoc|iPhone
		{23E14377-6656-4125-832C-623BA9F0D08B}.Ad-Hoc|iPhone.Deploy.0 = Ad-Hoc|iPhone
		{23E14377-6656-4125-832C-623BA9F0D08B}.Ad-Hoc|iPhoneSimulator.ActiveCfg = Ad-Hoc|iPhoneSimulator
		{23E14377-6656-4125-832C-623BA9F0D08B}.Ad-Hoc|iPhoneSimulator.Build.0 = Ad-Hoc|iPhoneSimulator
		{23E14377-6656-4125-832C-623BA9F0D08B}.Ad-Hoc|iPhoneSimulator.Deploy.0 = Ad-Hoc|iPhoneSimulator
		{23E14377-6656-4125-832C-623BA9F0D08B}.Ad-Hoc|x64.ActiveCfg = Ad-Hoc|iPhone
		{23E14377-6656-4125-832C-623BA9F0D08B}.Ad-Hoc|x64.Build.0 = Ad-Hoc|iPhone
		{23E14377-6656-4125-832C-623BA9F0D08B}.Ad-Hoc|x64.Deploy.0 = Ad-Hoc|iPhone
		{23E14377-6656-4125-832C-623BA9F0D08B}.Ad-Hoc|x86.ActiveCfg = Ad-Hoc|iPhone
		{23E14377-6656-4125-832C-623BA9F0D08B}.Ad-Hoc|x86.Build.0 = Ad-Hoc|iPhone
		{23E14377-6656-4125-832C-623BA9F0D08B}.Ad-Hoc|x86.Deploy.0 = Ad-Hoc|iPhone
		{23E14377-6656-4125-832C-623BA9F0D08B}.AppStore|Any CPU.ActiveCfg = AppStore|iPhone
		{23E14377-6656-4125-832C-623BA9F0D08B}.AppStore|Any CPU.Build.0 = AppStore|iPhone
		{23E14377-6656-4125-832C-623BA9F0D08B}.AppStore|Any CPU.Deploy.0 = AppStore|iPhone
		{23E14377-6656-4125-832C-623BA9F0D08B}.AppStore|ARM.ActiveCfg = AppStore|iPhone
		{23E14377-6656-4125-832C-623BA9F0D08B}.AppStore|ARM.Build.0 = AppStore|iPhone
		{23E14377-6656-4125-832C-623BA9F0D08B}.AppStore|ARM.Deploy.0 = AppStore|iPhone
		{23E14377-6656-4125-832C-623BA9F0D08B}.AppStore|iPhone.ActiveCfg = AppStore|iPhone
		{23E14377-6656-4125-832C-623BA9F0D08B}.AppStore|iPhone.Build.0 = AppStore|iPhone
		{23E14377-6656-4125-832C-623BA9F0D08B}.AppStore|iPhone.Deploy.0 = AppStore|iPhone
		{23E14377-6656-4125-832C-623BA9F0D08B}.AppStore|iPhoneSimulator.ActiveCfg = AppStore|iPhoneSimulator
		{23E14377-6656-4125-832C-623BA9F0D08B}.AppStore|iPhoneSimulator.Build.0 = AppStore|iPhoneSimulator
		{23E14377-6656-4125-832C-623BA9F0D08B}.AppStore|iPhoneSimulator.Deploy.0 = AppStore|iPhoneSimulator
		{23E14377-6656-4125-832C-623BA9F0D08B}.AppStore|x64.ActiveCfg = AppStore|iPhone
		{23E14377-6656-4125-832C-623BA9F0D08B}.AppStore|x64.Build.0 = AppStore|iPhone
		{23E14377-6656-4125-832C-623BA9F0D08B}.AppStore|x64.Deploy.0 = AppStore|iPhone
		{23E14377-6656-4125-832C-623BA9F0D08B}.AppStore|x86.ActiveCfg = AppStore|iPhone
		{23E14377-6656-4125-832C-623BA9F0D08B}.AppStore|x86.Build.0 = AppStore|iPhone
		{23E14377-6656-4125-832C-623BA9F0D08B}.AppStore|x86.Deploy.0 = AppStore|iPhone
		{23E14377-6656-4125-832C-623BA9F0D08B}.Debug|Any CPU.ActiveCfg = Debug|iPhoneSimulator
		{23E14377-6656-4125-832C-623BA9F0D08B}.Debug|Any CPU.Build.0 = Debug|iPhoneSimulator
		{23E14377-6656-4125-832C-623BA9F0D08B}.Debug|Any CPU.Deploy.0 = Debug|iPhoneSimulator
		{23E14377-6656-4125-832C-623BA9F0D08B}.Debug|ARM.ActiveCfg = Debug|iPhone
		{23E14377-6656-4125-832C-623BA9F0D08B}.Debug|ARM.Build.0 = Debug|iPhone
		{23E14377-6656-4125-832C-623BA9F0D08B}.Debug|ARM.Deploy.0 = Debug|iPhone
		{23E14377-6656-4125-832C-623BA9F0D08B}.Debug|iPhone.ActiveCfg = Debug|iPhone
		{23E14377-6656-4125-832C-623BA9F0D08B}.Debug|iPhone.Build.0 = Debug|iPhone
		{23E14377-6656-4125-832C-623BA9F0D08B}.Debug|iPhone.Deploy.0 = Debug|iPhone
		{23E14377-6656-4125-832C-623BA9F0D08B}.Debug|iPhoneSimulator.ActiveCfg = Debug|iPhoneSimulator
		{23E14377-6656-4125-832C-623BA9F0D08B}.Debug|iPhoneSimulator.Build.0 = Debug|iPhoneSimulator
		{23E14377-6656-4125-832C-623BA9F0D08B}.Debug|iPhoneSimulator.Deploy.0 = Debug|iPhoneSimulator
		{23E14377-6656-4125-832C-623BA9F0D08B}.Debug|x64.ActiveCfg = Debug|iPhone
		{23E14377-6656-4125-832C-623BA9F0D08B}.Debug|x64.Build.0 = Debug|iPhone
		{23E14377-6656-4125-832C-623BA9F0D08B}.Debug|x64.Deploy.0 = Debug|iPhone
		{23E14377-6656-4125-832C-623BA9F0D08B}.Debug|x86.ActiveCfg = Debug|iPhone
		{23E14377-6656-4125-832C-623BA9F0D08B}.Debug|x86.Build.0 = Debug|iPhone
		{23E14377-6656-4125-832C-623BA9F0D08B}.Debug|x86.Deploy.0 = Debug|iPhone
		{23E14377-6656-4125-832C-623BA9F0D08B}.Release|Any CPU.ActiveCfg = Release|iPhone
		{23E14377-6656-4125-832C-623BA9F0D08B}.Release|Any CPU.Build.0 = Release|iPhone
		{23E14377-6656-4125-832C-623BA9F0D08B}.Release|Any CPU.Deploy.0 = Release|iPhone
		{23E14377-6656-4125-832C-623BA9F0D08B}.Release|ARM.ActiveCfg = Release|iPhone
		{23E14377-6656-4125-832C-623BA9F0D08B}.Release|ARM.Build.0 = Release|iPhone
		{23E14377-6656-4125-832C-623BA9F0D08B}.Release|ARM.Deploy.0 = Release|iPhone
		{23E14377-6656-4125-832C-623BA9F0D08B}.Release|iPhone.ActiveCfg = Release|iPhone
		{23E14377-6656-4125-832C-623BA9F0D08B}.Release|iPhone.Build.0 = Release|iPhone
		{23E14377-6656-4125-832C-623BA9F0D08B}.Release|iPhone.Deploy.0 = Release|iPhone
		{23E14377-6656-4125-832C-623BA9F0D08B}.Release|iPhoneSimulator.ActiveCfg = Release|iPhoneSimulator
		{23E14377-6656-4125-832C-623BA9F0D08B}.Release|iPhoneSimulator.Build.0 = Release|iPhoneSimulator
		{23E14377-6656-4125-832C-623BA9F0D08B}.Release|iPhoneSimulator.Deploy.0 = Release|iPhoneSimulator
		{23E14377-6656-4125-832C-623BA9F0D08B}.Release|x64.ActiveCfg = Release|iPhone
		{23E14377-6656-4125-832C-623BA9F0D08B}.Release|x64.Build.0 = Release|iPhone
		{23E14377-6656-4125-832C-623BA9F0D08B}.Release|x64.Deploy.0 = Release|iPhone
		{23E14377-6656-4125-832C-623BA9F0D08B}.Release|x86.ActiveCfg = Release|iPhone
		{23E14377-6656-4125-832C-623BA9F0D08B}.Release|x86.Build.0 = Release|iPhone
		{23E14377-6656-4125-832C-623BA9F0D08B}.Release|x86.Deploy.0 = Release|iPhone
		{6BD7D509-F54B-43FE-AD9B-1BA302AB1553}.Ad-Hoc|Any CPU.ActiveCfg = Release|x86
		{6BD7D509-F54B-43FE-AD9B-1BA302AB1553}.Ad-Hoc|Any CPU.Build.0 = Release|x86
		{6BD7D509-F54B-43FE-AD9B-1BA302AB1553}.Ad-Hoc|Any CPU.Deploy.0 = Release|x86
		{6BD7D509-F54B-43FE-AD9B-1BA302AB1553}.Ad-Hoc|ARM.ActiveCfg = Release|ARM
		{6BD7D509-F54B-43FE-AD9B-1BA302AB1553}.Ad-Hoc|ARM.Build.0 = Release|ARM
		{6BD7D509-F54B-43FE-AD9B-1BA302AB1553}.Ad-Hoc|ARM.Deploy.0 = Release|ARM
		{6BD7D509-F54B-43FE-AD9B-1BA302AB1553}.Ad-Hoc|iPhone.ActiveCfg = Release|x86
		{6BD7D509-F54B-43FE-AD9B-1BA302AB1553}.Ad-Hoc|iPhone.Build.0 = Release|x86
		{6BD7D509-F54B-43FE-AD9B-1BA302AB1553}.Ad-Hoc|iPhone.Deploy.0 = Release|x86
		{6BD7D509-F54B-43FE-AD9B-1BA302AB1553}.Ad-Hoc|iPhoneSimulator.ActiveCfg = Release|x86
		{6BD7D509-F54B-43FE-AD9B-1BA302AB1553}.Ad-Hoc|iPhoneSimulator.Build.0 = Release|x86
		{6BD7D509-F54B-43FE-AD9B-1BA302AB1553}.Ad-Hoc|iPhoneSimulator.Deploy.0 = Release|x86
		{6BD7D509-F54B-43FE-AD9B-1BA302AB1553}.Ad-Hoc|x64.ActiveCfg = Release|x64
		{6BD7D509-F54B-43FE-AD9B-1BA302AB1553}.Ad-Hoc|x64.Build.0 = Release|x64
		{6BD7D509-F54B-43FE-AD9B-1BA302AB1553}.Ad-Hoc|x64.Deploy.0 = Release|x64
		{6BD7D509-F54B-43FE-AD9B-1BA302AB1553}.Ad-Hoc|x86.ActiveCfg = Release|x86
		{6BD7D509-F54B-43FE-AD9B-1BA302AB1553}.Ad-Hoc|x86.Build.0 = Release|x86
		{6BD7D509-F54B-43FE-AD9B-1BA302AB1553}.Ad-Hoc|x86.Deploy.0 = Release|x86
		{6BD7D509-F54B-43FE-AD9B-1BA302AB1553}.AppStore|Any CPU.ActiveCfg = Release|x86
		{6BD7D509-F54B-43FE-AD9B-1BA302AB1553}.AppStore|Any CPU.Build.0 = Release|x86
		{6BD7D509-F54B-43FE-AD9B-1BA302AB1553}.AppStore|Any CPU.Deploy.0 = Release|x86
		{6BD7D509-F54B-43FE-AD9B-1BA302AB1553}.AppStore|ARM.ActiveCfg = Release|ARM
		{6BD7D509-F54B-43FE-AD9B-1BA302AB1553}.AppStore|ARM.Build.0 = Release|ARM
		{6BD7D509-F54B-43FE-AD9B-1BA302AB1553}.AppStore|ARM.Deploy.0 = Release|ARM
		{6BD7D509-F54B-43FE-AD9B-1BA302AB1553}.AppStore|iPhone.ActiveCfg = Release|x86
		{6BD7D509-F54B-43FE-AD9B-1BA302AB1553}.AppStore|iPhone.Build.0 = Release|x86
		{6BD7D509-F54B-43FE-AD9B-1BA302AB1553}.AppStore|iPhone.Deploy.0 = Release|x86
		{6BD7D509-F54B-43FE-AD9B-1BA302AB1553}.AppStore|iPhoneSimulator.ActiveCfg = Release|x86
		{6BD7D509-F54B-43FE-AD9B-1BA302AB1553}.AppStore|iPhoneSimulator.Build.0 = Release|x86
		{6BD7D509-F54B-43FE-AD9B-1BA302AB1553}.AppStore|iPhoneSimulator.Deploy.0 = Release|x86
		{6BD7D509-F54B-43FE-AD9B-1BA302AB1553}.AppStore|x64.ActiveCfg = Release|x64
		{6BD7D509-F54B-43FE-AD9B-1BA302AB1553}.AppStore|x64.Build.0 = Release|x64
		{6BD7D509-F54B-43FE-AD9B-1BA302AB1553}.AppStore|x64.Deploy.0 = Release|x64
		{6BD7D509-F54B-43FE-AD9B-1BA302AB1553}.AppStore|x86.ActiveCfg = Release|x86
		{6BD7D509-F54B-43FE-AD9B-1BA302AB1553}.AppStore|x86.Build.0 = Release|x86
		{6BD7D509-F54B-43FE-AD9B-1BA302AB1553}.AppStore|x86.Deploy.0 = Release|x86
		{6BD7D509-F54B-43FE-AD9B-1BA302AB1553}.Debug|Any CPU.ActiveCfg = Debug|x86
		{6BD7D509-F54B-43FE-AD9B-1BA302AB1553}.Debug|Any CPU.Build.0 = Debug|x86
		{6BD7D509-F54B-43FE-AD9B-1BA302AB1553}.Debug|Any CPU.Deploy.0 = Debug|x86
		{6BD7D509-F54B-43FE-AD9B-1BA302AB1553}.Debug|ARM.ActiveCfg = Debug|ARM
		{6BD7D509-F54B-43FE-AD9B-1BA302AB1553}.Debug|ARM.Build.0 = Debug|ARM
		{6BD7D509-F54B-43FE-AD9B-1BA302AB1553}.Debug|ARM.Deploy.0 = Debug|ARM
		{6BD7D509-F54B-43FE-AD9B-1BA302AB1553}.Debug|iPhone.ActiveCfg = Debug|x86
		{6BD7D509-F54B-43FE-AD9B-1BA302AB1553}.Debug|iPhone.Build.0 = Debug|x86
		{6BD7D509-F54B-43FE-AD9B-1BA302AB1553}.Debug|iPhone.Deploy.0 = Debug|x86
		{6BD7D509-F54B-43FE-AD9B-1BA302AB1553}.Debug|iPhoneSimulator.ActiveCfg = Debug|x86
		{6BD7D509-F54B-43FE-AD9B-1BA302AB1553}.Debug|iPhoneSimulator.Build.0 = Debug|x86
		{6BD7D509-F54B-43FE-AD9B-1BA302AB1553}.Debug|iPhoneSimulator.Deploy.0 = Debug|x86
		{6BD7D509-F54B-43FE-AD9B-1BA302AB1553}.Debug|x64.ActiveCfg = Debug|x64
		{6BD7D509-F54B-43FE-AD9B-1BA302AB1553}.Debug|x64.Build.0 = Debug|x64
		{6BD7D509-F54B-43FE-AD9B-1BA302AB1553}.Debug|x64.Deploy.0 = Debug|x64
		{6BD7D509-F54B-43FE-AD9B-1BA302AB1553}.Debug|x86.ActiveCfg = Debug|x86
		{6BD7D509-F54B-43FE-AD9B-1BA302AB1553}.Debug|x86.Build.0 = Debug|x86
		{6BD7D509-F54B-43FE-AD9B-1BA302AB1553}.Debug|x86.Deploy.0 = Debug|x86
		{6BD7D509-F54B-43FE-AD9B-1BA302AB1553}.Release|Any CPU.ActiveCfg = Release|x86
		{6BD7D509-F54B-43FE-AD9B-1BA302AB1553}.Release|Any CPU.Build.0 = Release|x86
		{6BD7D509-F54B-43FE-AD9B-1BA302AB1553}.Release|Any CPU.Deploy.0 = Release|x86
		{6BD7D509-F54B-43FE-AD9B-1BA302AB1553}.Release|ARM.ActiveCfg = Release|ARM
		{6BD7D509-F54B-43FE-AD9B-1BA302AB1553}.Release|ARM.Build.0 = Release|ARM
		{6BD7D509-F54B-43FE-AD9B-1BA302AB1553}.Release|ARM.Deploy.0 = Release|ARM
		{6BD7D509-F54B-43FE-AD9B-1BA302AB1553}.Release|iPhone.ActiveCfg = Release|x86
		{6BD7D509-F54B-43FE-AD9B-1BA302AB1553}.Release|iPhone.Build.0 = Release|x86
		{6BD7D509-F54B-43FE-AD9B-1BA302AB1553}.Release|iPhone.Deploy.0 = Release|x86
		{6BD7D509-F54B-43FE-AD9B-1BA302AB1553}.Release|iPhoneSimulator.ActiveCfg = Release|x86
		{6BD7D509-F54B-43FE-AD9B-1BA302AB1553}.Release|iPhoneSimulator.Build.0 = Release|x86
		{6BD7D509-F54B-43FE-AD9B-1BA302AB1553}.Release|iPhoneSimulator.Deploy.0 = Release|x86
		{6BD7D509-F54B-43FE-AD9B-1BA302AB1553}.Release|x64.ActiveCfg = Release|x64
		{6BD7D509-F54B-43FE-AD9B-1BA302AB1553}.Release|x64.Build.0 = Release|x64
		{6BD7D509-F54B-43FE-AD9B-1BA302AB1553}.Release|x64.Deploy.0 = Release|x64
		{6BD7D509-F54B-43FE-AD9B-1BA302AB1553}.Release|x86.ActiveCfg = Release|x86
		{6BD7D509-F54B-43FE-AD9B-1BA302AB1553}.Release|x86.Build.0 = Release|x86
		{6BD7D509-F54B-43FE-AD9B-1BA302AB1553}.Release|x86.Deploy.0 = Release|x86
		{21F52641-F2B1-41D6-A1A6-5B04152CE7EB}.Ad-Hoc|Any CPU.ActiveCfg = Debug|Any CPU
		{21F52641-F2B1-41D6-A1A6-5B04152CE7EB}.Ad-Hoc|Any CPU.Build.0 = Debug|Any CPU
		{21F52641-F2B1-41D6-A1A6-5B04152CE7EB}.Ad-Hoc|Any CPU.Deploy.0 = Debug|Any CPU
		{21F52641-F2B1-41D6-A1A6-5B04152CE7EB}.Ad-Hoc|ARM.ActiveCfg = Debug|Any CPU
		{21F52641-F2B1-41D6-A1A6-5B04152CE7EB}.Ad-Hoc|ARM.Build.0 = Debug|Any CPU
		{21F52641-F2B1-41D6-A1A6-5B04152CE7EB}.Ad-Hoc|ARM.Deploy.0 = Debug|Any CPU
		{21F52641-F2B1-41D6-A1A6-5B04152CE7EB}.Ad-Hoc|iPhone.ActiveCfg = Debug|Any CPU
		{21F52641-F2B1-41D6-A1A6-5B04152CE7EB}.Ad-Hoc|iPhone.Build.0 = Debug|Any CPU
		{21F52641-F2B1-41D6-A1A6-5B04152CE7EB}.Ad-Hoc|iPhone.Deploy.0 = Debug|Any CPU
		{21F52641-F2B1-41D6-A1A6-5B04152CE7EB}.Ad-Hoc|iPhoneSimulator.ActiveCfg = Debug|Any CPU
		{21F52641-F2B1-41D6-A1A6-5B04152CE7EB}.Ad-Hoc|iPhoneSimulator.Build.0 = Debug|Any CPU
		{21F52641-F2B1-41D6-A1A6-5B04152CE7EB}.Ad-Hoc|iPhoneSimulator.Deploy.0 = Debug|Any CPU
		{21F52641-F2B1-41D6-A1A6-5B04152CE7EB}.Ad-Hoc|x64.ActiveCfg = Debug|Any CPU
		{21F52641-F2B1-41D6-A1A6-5B04152CE7EB}.Ad-Hoc|x64.Build.0 = Debug|Any CPU
		{21F52641-F2B1-41D6-A1A6-5B04152CE7EB}.Ad-Hoc|x64.Deploy.0 = Debug|Any CPU
		{21F52641-F2B1-41D6-A1A6-5B04152CE7EB}.Ad-Hoc|x86.ActiveCfg = Debug|Any CPU
		{21F52641-F2B1-41D6-A1A6-5B04152CE7EB}.Ad-Hoc|x86.Build.0 = Debug|Any CPU
		{21F52641-F2B1-41D6-A1A6-5B04152CE7EB}.Ad-Hoc|x86.Deploy.0 = Debug|Any CPU
		{21F52641-F2B1-41D6-A1A6-5B04152CE7EB}.AppStore|Any CPU.ActiveCfg = Debug|Any CPU
		{21F52641-F2B1-41D6-A1A6-5B04152CE7EB}.AppStore|Any CPU.Build.0 = Debug|Any CPU
		{21F52641-F2B1-41D6-A1A6-5B04152CE7EB}.AppStore|Any CPU.Deploy.0 = Debug|Any CPU
		{21F52641-F2B1-41D6-A1A6-5B04152CE7EB}.AppStore|ARM.ActiveCfg = Debug|Any CPU
		{21F52641-F2B1-41D6-A1A6-5B04152CE7EB}.AppStore|ARM.Build.0 = Debug|Any CPU
		{21F52641-F2B1-41D6-A1A6-5B04152CE7EB}.AppStore|ARM.Deploy.0 = Debug|Any CPU
		{21F52641-F2B1-41D6-A1A6-5B04152CE7EB}.AppStore|iPhone.ActiveCfg = Debug|Any CPU
		{21F52641-F2B1-41D6-A1A6-5B04152CE7EB}.AppStore|iPhone.Build.0 = Debug|Any CPU
		{21F52641-F2B1-41D6-A1A6-5B04152CE7EB}.AppStore|iPhone.Deploy.0 = Debug|Any CPU
		{21F52641-F2B1-41D6-A1A6-5B04152CE7EB}.AppStore|iPhoneSimulator.ActiveCfg = Debug|Any CPU
		{21F52641-F2B1-41D6-A1A6-5B04152CE7EB}.AppStore|iPhoneSimulator.Build.0 = Debug|Any CPU
		{21F52641-F2B1-41D6-A1A6-5B04152CE7EB}.AppStore|iPhoneSimulator.Deploy.0 = Debug|Any CPU
		{21F52641-F2B1-41D6-A1A6-5B04152CE7EB}.AppStore|x64.ActiveCfg = Debug|Any CPU
		{21F52641-F2B1-41D6-A1A6-5B04152CE7EB}.AppStore|x64.Build.0 = Debug|Any CPU
		{21F52641-F2B1-41D6-A1A6-5B04152CE7EB}.AppStore|x64.Deploy.0 = Debug|Any CPU
		{21F52641-F2B1-41D6-A1A6-5B04152CE7EB}.AppStore|x86.ActiveCfg = Debug|Any CPU
		{21F52641-F2B1-41D6-A1A6-5B04152CE7EB}.AppStore|x86.Build.0 = Debug|Any CPU
		{21F52641-F2B1-41D6-A1A6-5B04152CE7EB}.AppStore|x86.Deploy.0 = Debug|Any CPU
		{21F52641-F2B1-41D6-A1A6-5B04152CE7EB}.Debug|Any CPU.ActiveCfg = Debug|Any CPU
		{21F52641-F2B1-41D6-A1A6-5B04152CE7EB}.Debug|Any CPU.Build.0 = Debug|Any CPU
		{21F52641-F2B1-41D6-A1A6-5B04152CE7EB}.Debug|Any CPU.Deploy.0 = Debug|Any CPU
		{21F52641-F2B1-41D6-A1A6-5B04152CE7EB}.Debug|ARM.ActiveCfg = Debug|Any CPU
		{21F52641-F2B1-41D6-A1A6-5B04152CE7EB}.Debug|ARM.Build.0 = Debug|Any CPU
		{21F52641-F2B1-41D6-A1A6-5B04152CE7EB}.Debug|ARM.Deploy.0 = Debug|Any CPU
		{21F52641-F2B1-41D6-A1A6-5B04152CE7EB}.Debug|iPhone.ActiveCfg = Debug|Any CPU
		{21F52641-F2B1-41D6-A1A6-5B04152CE7EB}.Debug|iPhone.Build.0 = Debug|Any CPU
		{21F52641-F2B1-41D6-A1A6-5B04152CE7EB}.Debug|iPhone.Deploy.0 = Debug|Any CPU
		{21F52641-F2B1-41D6-A1A6-5B04152CE7EB}.Debug|iPhoneSimulator.ActiveCfg = Debug|Any CPU
		{21F52641-F2B1-41D6-A1A6-5B04152CE7EB}.Debug|iPhoneSimulator.Build.0 = Debug|Any CPU
		{21F52641-F2B1-41D6-A1A6-5B04152CE7EB}.Debug|iPhoneSimulator.Deploy.0 = Debug|Any CPU
		{21F52641-F2B1-41D6-A1A6-5B04152CE7EB}.Debug|x64.ActiveCfg = Debug|Any CPU
		{21F52641-F2B1-41D6-A1A6-5B04152CE7EB}.Debug|x64.Build.0 = Debug|Any CPU
		{21F52641-F2B1-41D6-A1A6-5B04152CE7EB}.Debug|x64.Deploy.0 = Debug|Any CPU
		{21F52641-F2B1-41D6-A1A6-5B04152CE7EB}.Debug|x86.ActiveCfg = Debug|Any CPU
		{21F52641-F2B1-41D6-A1A6-5B04152CE7EB}.Debug|x86.Build.0 = Debug|Any CPU
		{21F52641-F2B1-41D6-A1A6-5B04152CE7EB}.Debug|x86.Deploy.0 = Debug|Any CPU
		{21F52641-F2B1-41D6-A1A6-5B04152CE7EB}.Release|Any CPU.ActiveCfg = Release|Any CPU
		{21F52641-F2B1-41D6-A1A6-5B04152CE7EB}.Release|Any CPU.Build.0 = Release|Any CPU
		{21F52641-F2B1-41D6-A1A6-5B04152CE7EB}.Release|Any CPU.Deploy.0 = Release|Any CPU
		{21F52641-F2B1-41D6-A1A6-5B04152CE7EB}.Release|ARM.ActiveCfg = Release|Any CPU
		{21F52641-F2B1-41D6-A1A6-5B04152CE7EB}.Release|ARM.Build.0 = Release|Any CPU
		{21F52641-F2B1-41D6-A1A6-5B04152CE7EB}.Release|ARM.Deploy.0 = Release|Any CPU
		{21F52641-F2B1-41D6-A1A6-5B04152CE7EB}.Release|iPhone.ActiveCfg = Release|Any CPU
		{21F52641-F2B1-41D6-A1A6-5B04152CE7EB}.Release|iPhone.Build.0 = Release|Any CPU
		{21F52641-F2B1-41D6-A1A6-5B04152CE7EB}.Release|iPhone.Deploy.0 = Release|Any CPU
		{21F52641-F2B1-41D6-A1A6-5B04152CE7EB}.Release|iPhoneSimulator.ActiveCfg = Release|Any CPU
		{21F52641-F2B1-41D6-A1A6-5B04152CE7EB}.Release|iPhoneSimulator.Build.0 = Release|Any CPU
		{21F52641-F2B1-41D6-A1A6-5B04152CE7EB}.Release|iPhoneSimulator.Deploy.0 = Release|Any CPU
		{21F52641-F2B1-41D6-A1A6-5B04152CE7EB}.Release|x64.ActiveCfg = Release|Any CPU
		{21F52641-F2B1-41D6-A1A6-5B04152CE7EB}.Release|x64.Build.0 = Release|Any CPU
		{21F52641-F2B1-41D6-A1A6-5B04152CE7EB}.Release|x64.Deploy.0 = Release|Any CPU
		{21F52641-F2B1-41D6-A1A6-5B04152CE7EB}.Release|x86.ActiveCfg = Release|Any CPU
		{21F52641-F2B1-41D6-A1A6-5B04152CE7EB}.Release|x86.Build.0 = Release|Any CPU
		{21F52641-F2B1-41D6-A1A6-5B04152CE7EB}.Release|x86.Deploy.0 = Release|Any CPU
	EndGlobalSection
	GlobalSection(SolutionProperties) = preSolution
		HideSolutionNode = FALSE
	EndGlobalSection
	GlobalSection(ExtensibilityGlobals) = postSolution
		SolutionGuid = {5B4E56B3-2470-4DF0-A0EF-EBD6EFC26F0B}
	EndGlobalSection
EndGlobal
